
Microsoft Visual Studio Solution File, Format Version 12.00
# Visual Studio Version 17
VisualStudioVersion = 17.12.35527.113 d17.12
MinimumVisualStudioVersion = 10.0.40219.1
Project("{FAE04EC0-301F-11D3-BF4B-00C04F79EFBC}") = "CustomerManagement.API", "CustomerManagement.API\CustomerManagement.API.csproj", "{C425A498-589D-4F40-84B8-7734B2F13F19}"
EndProject
Project("{FAE04EC0-301F-11D3-BF4B-00C04F79EFBC}") = "CustomerManagement.Application", "CustomerManagement.Application\CustomerManagement.Application.csproj", "{0FEDB7B0-AAAE-4061-B974-CB7DAEB49411}"
EndProject
Project("{FAE04EC0-301F-11D3-BF4B-00C04F79EFBC}") = "CustomerManagement.Domain", "CustomerManagement.Domain\CustomerManagement.Domain.csproj", "{FC770CB2-C8D3-4193-8C66-8733DC708D89}"
EndProject
Project("{FAE04EC0-301F-11D3-BF4B-00C04F79EFBC}") = "CustomerManagement.Infrastructure", "CustomerManagement.Infrastructure\CustomerManagement.Infrastructure.csproj", "{CD3A3271-E67B-4869-A46C-10A0600ED501}"
EndProject
Global
	GlobalSection(SolutionConfigurationPlatforms) = preSolution
		Debug|Any CPU = Debug|Any CPU
		Release|Any CPU = Release|Any CPU
	EndGlobalSection
	GlobalSection(ProjectConfigurationPlatforms) = postSolution
		{C425A498-589D-4F40-84B8-7734B2F13F19}.Debug|Any CPU.ActiveCfg = Debug|Any CPU
		{C425A498-589D-4F40-84B8-7734B2F13F19}.Debug|Any CPU.Build.0 = Debug|Any CPU
		{C425A498-589D-4F40-84B8-7734B2F13F19}.Release|Any CPU.ActiveCfg = Release|Any CPU
		{C425A498-589D-4F40-84B8-7734B2F13F19}.Release|Any CPU.Build.0 = Release|Any CPU
		{0FEDB7B0-AAAE-4061-B974-CB7DAEB49411}.Debug|Any CPU.ActiveCfg = Debug|Any CPU
		{0FEDB7B0-AAAE-4061-B974-CB7DAEB49411}.Debug|Any CPU.Build.0 = Debug|Any CPU
		{0FEDB7B0-AAAE-4061-B974-CB7DAEB49411}.Release|Any CPU.ActiveCfg = Release|Any CPU
		{0FEDB7B0-AAAE-4061-B974-CB7DAEB49411}.Release|Any CPU.Build.0 = Release|Any CPU
		{FC770CB2-C8D3-4193-8C66-8733DC708D89}.Debug|Any CPU.ActiveCfg = Debug|Any CPU
		{FC770CB2-C8D3-4193-8C66-8733DC708D89}.Debug|Any CPU.Build.0 = Debug|Any CPU
		{FC770CB2-C8D3-4193-8C66-8733DC708D89}.Release|Any CPU.ActiveCfg = Release|Any CPU
		{FC770CB2-C8D3-4193-8C66-8733DC708D89}.Release|Any CPU.Build.0 = Release|Any CPU
		{CD3A3271-E67B-4869-A46C-10A0600ED501}.Debug|Any CPU.ActiveCfg = Debug|Any CPU
		{CD3A3271-E67B-4869-A46C-10A0600ED501}.Debug|Any CPU.Build.0 = Debug|Any CPU
		{CD3A3271-E67B-4869-A46C-10A0600ED501}.Release|Any CPU.ActiveCfg = Release|Any CPU
		{CD3A3271-E67B-4869-A46C-10A0600ED501}.Release|Any CPU.Build.0 = Release|Any CPU
	EndGlobalSection
	GlobalSection(SolutionProperties) = preSolution
		HideSolutionNode = FALSE
	EndGlobalSection
EndGlobal
